{
  "name": "messenger-client",
  "version": "0.1.0",
  "lockfileVersion": 1,
  "requires": true,
  "dependencies": {
    "@ajusa/lit": {
      "version": "1.0.0",
      "resolved": "https://registry.npmjs.org/@ajusa/lit/-/lit-1.0.0.tgz",
      "integrity": "sha512-6Ny5fny6KHMVGxX0n1f0AG6bY/qGE4dFY1KJtZGT8G8RNH5ZX32e12cRNiBD4Sk5KuH4zcZI+xU8+URtHTUHWw=="
    }
  }
}
